
Microsoft Visual Studio Solution File, Format Version 12.00
# Visual Studio 15
VisualStudioVersion = 15.0.28307.1062
MinimumVisualStudioVersion = 10.0.40219.1
Project("{FAE04EC0-301F-11D3-BF4B-00C04F79EFBC}") = "telegramBot", "telegramBot\telegramBot.csproj", "{B4F77BCB-E49D-4738-BEFD-B570C8EB198E}"
EndProject
Global
	GlobalSection(SolutionConfigurationPlatforms) = preSolution
		Debug|Any CPU = Debug|Any CPU
		Release|Any CPU = Release|Any CPU
	EndGlobalSection
	GlobalSection(ProjectConfigurationPlatforms) = postSolution
		{B4F77BCB-E49D-4738-BEFD-B570C8EB198E}.Debug|Any CPU.ActiveCfg = Debug|Any CPU
		{B4F77BCB-E49D-4738-BEFD-B570C8EB198E}.Debug|Any CPU.Build.0 = Debug|Any CPU
		{B4F77BCB-E49D-4738-BEFD-B570C8EB198E}.Release|Any CPU.ActiveCfg = Release|Any CPU
		{B4F77BCB-E49D-4738-BEFD-B570C8EB198E}.Release|Any CPU.Build.0 = Release|Any CPU
	EndGlobalSection
	GlobalSection(SolutionProperties) = preSolution
		HideSolutionNode = FALSE
	EndGlobalSection
	GlobalSection(ExtensibilityGlobals) = postSolution
		SolutionGuid = {85149C93-E578-4BEE-8B53-3F1E1793ACD3}
	EndGlobalSection
EndGlobal
